// !$*UTF8*$!
{
	archiveVersion = 1;
	classes = {
	};
	objectVersion = 46;
	objects = {

/* Begin PBXBuildFile section */
		E24F30AE1E1E2A8D009CD33A /* AppDelegate.swift in Sources */ = {isa = PBXBuildFile; fileRef = E24F30AD1E1E2A8D009CD33A /* AppDelegate.swift */; };
		E24F30B01E1E2A8D009CD33A /* ViewController.swift in Sources */ = {isa = PBXBuildFile; fileRef = E24F30AF1E1E2A8D009CD33A /* ViewController.swift */; };
		E24F30B31E1E2A8D009CD33A /* Main.storyboard in Resources */ = {isa = PBXBuildFile; fileRef = E24F30B11E1E2A8D009CD33A /* Main.storyboard */; };
		E24F30B51E1E2A8D009CD33A /* Assets.xcassets in Resources */ = {isa = PBXBuildFile; fileRef = E24F30B41E1E2A8D009CD33A /* Assets.xcassets */; };
		E24F30B81E1E2A8D009CD33A /* LaunchScreen.storyboard in Resources */ = {isa = PBXBuildFile; fileRef = E24F30B61E1E2A8D009CD33A /* LaunchScreen.storyboard */; };
/* End PBXBuildFile section */

/* Begin PBXFileReference section */
		E24F30AA1E1E2A8D009CD33A /* ZingMp3.app */ = {isa = PBXFileReference; explicitFileType = wrapper.application; includeInIndex = 0; path = ZingMp3.app; sourceTree = BUILT_PRODUCTS_DIR; };
		E24F30AD1E1E2A8D009CD33A /* AppDelegate.swift */ = {isa = PBXFileReference; lastKnownFileType = sourcecode.swift; path = AppDelegate.swift; sourceTree = "<group>"; };
		E24F30AF1E1E2A8D009CD33A /* ViewController.swift */ = {isa = PBXFileReference; lastKnownFileType = sourcecode.swift; path = ViewController.swift; sourceTree = "<group>"; };
		E24F30B21E1E2A8D009CD33A /* Base */ = {isa = PBXFileReference; lastKnownFileType = file.storyboard; name = Base; path = Base.lproj/Main.storyboard; sourceTree = "<group>"; };
		E24F30B41E1E2A8D009CD33A /* Assets.xcassets */ = {isa = PBXFileReference; lastKnownFileType = folder.assetcatalog; path = Assets.xcassets; sourceTree = "<group>"; };
		E24F30B71E1E2A8D009CD33A /* Base */ = {isa = PBXFileReference; lastKnownFileType = file.storyboard; name = Base; path = Base.lproj/LaunchScreen.storyboard; sourceTree = "<group>"; };
		E24F30B91E1E2A8D009CD33A /* Info.plist */ = {isa = PBXFileReference; lastKnownFileType = text.plist.xml; path = Info.plist; sourceTree = "<group>"; };
/* End PBXFileReference section */

/* Begin PBXFrameworksBuildPhase section */
		E24F30A71E1E2A8D009CD33A /* Frameworks */ = {
			isa = PBXFrameworksBuildPhase;
			buildActionMask = 2147483647;
			files = (
			);
			runOnlyForDeploymentPostprocessing = 0;
		};
/* End PBXFrameworksBuildPhase section */

/* Begin PBXGroup section */
		E24F30A11E1E2A8D009CD33A = {
			isa = PBXGroup;
			children = (
				E24F30AC1E1E2A8D009CD33A /* ZingMp3 */,
				E24F30AB1E1E2A8D009CD33A /* Products */,
			);
			sourceTree = "<group>";
		};
		E24F30AB1E1E2A8D009CD33A /* Products */ = {
			isa = PBXGroup;
			children = (
				E24F30AA1E1E2A8D009CD33A /* ZingMp3.app */,
			);
			name = Products;
			sourceTree = "<group>";
		};
		E24F30AC1E1E2A8D009CD33A /* ZingMp3 */ = {
			isa = PBXGroup;
			children = (
				E24F30AD1E1E2A8D009CD33A /* AppDelegate.swift */,
				E24F30AF1E1E2A8D009CD33A /* ViewController.swift */,
				E24F30B11E1E2A8D009CD33A /* Main.storyboard */,
				E24F30B41E1E2A8D009CD33A /* Assets.xcassets */,
				E24F30B61E1E2A8D009CD33A /* LaunchScreen.storyboard */,
				E24F30B91E1E2A8D009CD33A /* Info.plist */,
			);
			path = ZingMp3;
			sourceTree = "<group>";
		};
/* End PBXGroup section */

/* Begin PBXNativeTarget section */
		E24F30A91E1E2A8D009CD33A /* ZingMp3 */ = {
			isa = PBXNativeTarget;
			buildConfigurationList = E24F30BC1E1E2A8D009CD33A /* Build configuration list for PBXNativeTarget "ZingMp3" */;
			buildPhases = (
				E24F30A61E1E2A8D009CD33A /* Sources */,
				E24F30A71E1E2A8D009CD33A /* Frameworks */,
				E24F30A81E1E2A8D009CD33A /* Resources */,
			);
			buildRules = (
			);
			dependencies = (
			);
			name = ZingMp3;
			productName = ZingMp3;
			productReference = E24F30AA1E1E2A8D009CD33A /* ZingMp3.app */;
			productType = "com.apple.product-type.application";
		};
/* End PBXNativeTarget section */

/* Begin PBXProject section */
		E24F30A21E1E2A8D009CD33A /* Project object */ = {
			isa = PBXProject;
			attributes = {
				LastSwiftUpdateCheck = 0800;
				LastUpgradeCheck = 0800;
				ORGANIZATIONNAME = techmaster;
				TargetAttributes = {
					E24F30A91E1E2A8D009CD33A = {
						CreatedOnToolsVersion = 8.0;
						ProvisioningStyle = Automatic;
					};
				};
			};
			buildConfigurationList = E24F30A51E1E2A8D009CD33A /* Build configuration list for PBXProject "ZingMp3" */;
			compatibilityVersion = "Xcode 3.2";
			developmentRegion = English;
			hasScannedForEncodings = 0;
			knownRegions = (
				en,
				Base,
			);
			mainGroup = E24F30A11E1E2A8D009CD33A;
			productRefGroup = E24F30AB1E1E2A8D009CD33A /* Products */;
			projectDirPath = "";
			projectRoot = "";
			targets = (
				E24F30A91E1E2A8D009CD33A /* ZingMp3 */,
			);
		};
/* End PBXProject section */

/* Begin PBXResourcesBuildPhase section */
		E24F30A81E1E2A8D009CD33A /* Resources */ = {
			isa = PBXResourcesBuildPhase;
			buildActionMask = 2147483647;
			files = (
				E24F30B81E1E2A8D009CD33A /* LaunchScreen.storyboard in Resources */,
				E24F30B51E1E2A8D009CD33A /* Assets.xcassets in Resources */,
				E24F30B31E1E2A8D009CD33A /* Main.storyboard in Resources */,
			);
			runOnlyForDeploymentPostprocessing = 0;
		};
/* End PBXResourcesBuildPhase section */

/* Begin PBXSourcesBuildPhase section */
		E24F30A61E1E2A8D009CD33A /* Sources */ = {
			isa = PBXSourcesBuildPhase;
			buildActionMask = 2147483647;
			files = (
				E24F30B01E1E2A8D009CD33A /* ViewController.swift in Sources */,
				E24F30AE1E1E2A8D009CD33A /* AppDelegate.swift in Sources */,
			);
			runOnlyForDeploymentPostprocessing = 0;
		};
/* End PBXSourcesBuildPhase section */

/* Begin PBXVariantGroup section */
		E24F30B11E1E2A8D009CD33A /* Main.storyboard */ = {
			isa = PBXVariantGroup;
			children = (
				E24F30B21E1E2A8D009CD33A /* Base */,
			);
			name = Main.storyboard;
			sourceTree = "<group>";
		};
		E24F30B61E1E2A8D009CD33A /* LaunchScreen.storyboard */ = {
			isa = PBXVariantGroup;
			children = (
				E24F30B71E1E2A8D009CD33A /* Base */,
			);
			name = LaunchScreen.storyboard;
			sourceTree = "<group>";
		};
/* End PBXVariantGroup section */

/* Begin XCBuildConfiguration section */
		E24F30BA1E1E2A8D009CD33A /* Debug */ = {
			isa = XCBuildConfiguration;
			buildSettings = {
				ALWAYS_SEARCH_USER_PATHS = NO;
				CLANG_ANALYZER_NONNULL = YES;
				CLANG_CXX_LANGUAGE_STANDARD = "gnu++0x";
				CLANG_CXX_LIBRARY = "libc++";
				CLANG_ENABLE_MODULES = YES;
				CLANG_ENABLE_OBJC_ARC = YES;
				CLANG_WARN_BOOL_CONVERSION = YES;
				CLANG_WARN_CONSTANT_CONVERSION = YES;
				CLANG_WARN_DIRECT_OBJC_ISA_USAGE = YES_ERROR;
				CLANG_WARN_DOCUMENTATION_COMMENTS = YES;
				CLANG_WARN_EMPTY_BODY = YES;
				CLANG_WARN_ENUM_CONVERSION = YES;
				CLANG_WARN_INFINITE_RECURSION = YES;
				CLANG_WARN_INT_CONVERSION = YES;
				CLANG_WARN_OBJC_ROOT_CLASS = YES_ERROR;
				CLANG_WARN_SUSPICIOUS_MOVES = YES;
				CLANG_WARN_UNREACHABLE_CODE = YES;
				CLANG_WARN__DUPLICATE_METHOD_MATCH = YES;
				"CODE_SIGN_IDENTITY[sdk=iphoneos*]" = "iPhone Developer";
				COPY_PHASE_STRIP = NO;
				DEBUG_INFORMATION_FORMAT = dwarf;
				ENABLE_STRICT_OBJC_MSGSEND = YES;
				ENABLE_TESTABILITY = YES;
				GCC_C_LANGUAGE_STANDARD = gnu99;
				GCC_DYNAMIC_NO_PIC = NO;
				GCC_NO_COMMON_BLOCKS = YES;
				GCC_OPTIMIZATION_LEVEL = 0;
				GCC_PREPROCESSOR_DEFINITIONS = (
					"DEBUG=1",
					"$(inherited)",
				);
				GCC_WARN_64_TO_32_BIT_CONVERSION = YES;
				GCC_WARN_ABOUT_RETURN_TYPE = YES_ERROR;
				GCC_WARN_UNDECLARED_SELECTOR = YES;
				GCC_WARN_UNINITIALIZED_AUTOS = YES_AGGRESSIVE;
				GCC_WARN_UNUSED_FUNCTION = YES;
				GCC_WARN_UNUSED_VARIABLE = YES;
				IPHONEOS_DEPLOYMENT_TARGET = 10.0;
				MTL_ENABLE_DEBUG_INFO = YES;
				ONLY_ACTIVE_ARCH = YES;
				SDKROOT = iphoneos;
				SWIFT_ACTIVE_COMPILATION_CONDITIONS = DEBUG;
				SWIFT_OPTIMIZATION_LEVEL = "-Onone";
			};
			name = Debug;
		};
		E24F30BB1E1E2A8D009CD33A /* Release */ = {
			isa = XCBuildConfiguration;
			buildSettings = {
				ALWAYS_SEARCH_USER_PATHS = NO;
				CLANG_ANALYZER_NONNULL = YES;
				CLANG_CXX_LANGUAGE_STANDARD = "gnu++0x";
				CLANG_CXX_LIBRARY = "libc++";
				CLANG_ENABLE_MODULES = YES;
				CLANG_ENABLE_OBJC_ARC = YES;
				CLANG_WARN_BOOL_CONVERSION = YES;
				CLANG_WARN_CONSTANT_CONVERSION = YES;
				CLANG_WARN_DIRECT_OBJC_ISA_USAGE = YES_ERROR;
				CLANG_WARN_DOCUMENTATION_COMMENTS = YES;
				CLANG_WARN_EMPTY_BODY = YES;
				CLANG_WARN_ENUM_CONVERSION = YES;
				CLANG_WARN_INFINITE_RECURSION = YES;
				CLANG_WARN_INT_CONVERSION = YES;
				CLANG_WARN_OBJC_ROOT_CLASS = YES_ERROR;
				CLANG_WARN_SUSPICIOUS_MOVES = YES;
				CLANG_WARN_UNREACHABLE_CODE = YES;
				CLANG_WARN__DUPLICATE_METHOD_MATCH = YES;
				"CODE_SIGN_IDENTITY[sdk=iphoneos*]" = "iPhone Developer";
				COPY_PHASE_STRIP = NO;
				DEBUG_INFORMATION_FORMAT = "dwarf-with-dsym";
				ENABLE_NS_ASSERTIONS = NO;
				ENABLE_STRICT_OBJC_MSGSEND = YES;
				GCC_C_LANGUAGE_STANDARD = gnu99;
				GCC_NO_COMMON_BLOCKS = YES;
				GCC_WARN_64_TO_32_BIT_CONVERSION = YES;
				GCC_WARN_ABOUT_RETURN_TYPE = YES_ERROR;
				GCC_WARN_UNDECLARED_SELECTOR = YES;
				GCC_WARN_UNINITIALIZED_AUTOS = YES_AGGRESSIVE;
				GCC_WARN_UNUSED_FUNCTION = YES;
				GCC_WARN_UNUSED_VARIABLE = YES;
				IPHONEOS_DEPLOYMENT_TARGET = 10.0;
				MTL_ENABLE_DEBUG_INFO = NO;
				SDKROOT = iphoneos;
				SWIFT_OPTIMIZATION_LEVEL = "-Owholemodule";
				VALIDATE_PRODUCT = YES;
			};
			name = Release;
		};
		E24F30BD1E1E2A8D009CD33A /* Debug */ = {
			isa = XCBuildConfiguration;
			buildSettings = {
				ASSETCATALOG_COMPILER_APPICON_NAME = AppIcon;
				INFOPLIST_FILE = ZingMp3/Info.plist;
				LD_RUNPATH_SEARCH_PATHS = "$(inherited) @executable_path/Frameworks";
				PRODUCT_BUNDLE_IDENTIFIER = vn.ZingMp3;
				PRODUCT_NAME = "$(TARGET_NAME)";
				SWIFT_VERSION = 3.0;
			};
			name = Debug;
		};
		E24F30BE1E1E2A8D009CD33A /* Release */ = {
			isa = XCBuildConfiguration;
			buildSettings = {
				ASSETCATALOG_COMPILER_APPICON_NAME = AppIcon;
				INFOPLIST_FILE = ZingMp3/Info.plist;
				LD_RUNPATH_SEARCH_PATHS = "$(inherited) @executable_path/Frameworks";
				PRODUCT_BUNDLE_IDENTIFIER = vn.ZingMp3;
				PRODUCT_NAME = "$(TARGET_NAME)";
				SWIFT_VERSION = 3.0;
			};
			name = Release;
		};
/* End XCBuildConfiguration section */

/* Begin XCConfigurationList section */
		E24F30A51E1E2A8D009CD33A /* Build configuration list for PBXProject "ZingMp3" */ = {
			isa = XCConfigurationList;
			buildConfigurations = (
				E24F30BA1E1E2A8D009CD33A /* Debug */,
				E24F30BB1E1E2A8D009CD33A /* Release */,
			);
			defaultConfigurationIsVisible = 0;
			defaultConfigurationName = Release;
		};
		E24F30BC1E1E2A8D009CD33A /* Build configuration list for PBXNativeTarget "ZingMp3" */ = {
			isa = XCConfigurationList;
			buildConfigurations = (
				E24F30BD1E1E2A8D009CD33A /* Debug */,
				E24F30BE1E1E2A8D009CD33A /* Release */,
			);
			defaultConfigurationIsVisible = 0;
		};
/* End XCConfigurationList section */
	};
	rootObject = E24F30A21E1E2A8D009CD33A /* Project object */;
}
